
Microsoft Visual Studio Solution File, Format Version 12.00
# Visual Studio Version 17
VisualStudioVersion = 17.6.33815.320
MinimumVisualStudioVersion = 10.0.40219.1
Project("{2150E333-8FDC-42A3-9474-1A3956D46DE8}") = "Schema", "Schema", "{AC3289BE-DFBE-4E57-92C3-E23DB6D1E7C4}"
EndProject
Project("{2150E333-8FDC-42A3-9474-1A3956D46DE8}") = "CodeGenerator", "CodeGenerator", "{BF1C4135-89EF-4955-8CBD-D26BE8774190}"
EndProject
Project("{2150E333-8FDC-42A3-9474-1A3956D46DE8}") = "Sample Website", "Sample Website", "{E6E4F910-1903-48E7-B5A9-AA07A0B08FFA}"
EndProject
Project("{F184B08F-C81C-45F6-A57F-5ABD9991F28F}") = "SchemaAudit", "Schema\SchemaAudit\SchemaAudit.vbproj", "{27E4F7F3-45F5-4FAF-BD4F-CCFAE015CC0D}"
EndProject
Project("{F184B08F-C81C-45F6-A57F-5ABD9991F28F}") = "SchemaConfig", "Schema\SchemaConfig\SchemaConfig.vbproj", "{7C77B83A-CDCE-4A01-BD6B-9FC727471752}"
EndProject
Project("{F184B08F-C81C-45F6-A57F-5ABD9991F28F}") = "SchemaMembership", "Schema\SchemaMembership\SchemaMembership.vbproj", "{5E4919EE-0701-49C9-806C-AB070095D8EF}"
EndProject
Project("{F184B08F-C81C-45F6-A57F-5ABD9991F28F}") = "Framework", "Framework\Framework.vbproj", "{DE7FDE19-414E-4CD5-9AE3-25BC7B1A2A05}"
EndProject
Project("{E24C65DC-7377-472B-9ABA-BC803B73C61A}") = "Website", "Website\", "{98719362-8E4C-4BA3-A92D-120CC5AE8CA8}"
	ProjectSection(WebsiteProperties) = preProject
		SccProjectName = "SAK"
		SccAuxPath = "SAK"
		SccLocalPath = "SAK"
		SccProvider = "SAK"
		TargetFrameworkMoniker = ".NETFramework,Version%3Dv4.8"
		ProjectReferences = "{DE7FDE19-414E-4CD5-9AE3-25BC7B1A2A05}|Framework.dll;{7C77B83A-CDCE-4A01-BD6B-9FC727471752}|SchemaConfig.dll;{27E4F7F3-45F5-4FAF-BD4F-CCFAE015CC0D}|SchemaAudit.dll;{5E4919EE-0701-49C9-806C-AB070095D8EF}|SchemaMembership.dll;"
		Debug.AspNetCompiler.VirtualPath = "/Website"
		Debug.AspNetCompiler.PhysicalPath = "Website\"
		Debug.AspNetCompiler.TargetPath = "PrecompiledWeb\Website\"
		Debug.AspNetCompiler.Updateable = "true"
		Debug.AspNetCompiler.ForceOverwrite = "true"
		Debug.AspNetCompiler.FixedNames = "false"
		Debug.AspNetCompiler.Debug = "True"
		Release.AspNetCompiler.VirtualPath = "/Website"
		Release.AspNetCompiler.PhysicalPath = "Website\"
		Release.AspNetCompiler.TargetPath = "PrecompiledWeb\Website\"
		Release.AspNetCompiler.Updateable = "true"
		Release.AspNetCompiler.ForceOverwrite = "true"
		Release.AspNetCompiler.FixedNames = "false"
		Release.AspNetCompiler.Debug = "False"
		VWDPort = "4362"
		SlnRelativePath = "Website\"
	EndProjectSection
EndProject
Project("{F184B08F-C81C-45F6-A57F-5ABD9991F28F}") = "CodeGenerator", "CodeGenerator\CodeGenerator.vbproj", "{F118D0DF-A6A4-46F1-ACE3-CEC779FC0D7D}"
EndProject
Project("{F184B08F-C81C-45F6-A57F-5ABD9991F28F}") = "XmlConnections", "Schema\XmlConnections\XmlConnections.vbproj", "{9C8D0C05-5302-44AA-878B-464125282EDA}"
EndProject
Project("{2150E333-8FDC-42A3-9474-1A3956D46DE8}") = "Framework", "Framework", "{A929DDA5-B19E-4E4E-9CFA-57A2FCE3701C}"
EndProject
Project("{E24C65DC-7377-472B-9ABA-BC803B73C61A}") = "WebsiteCSharp", "WebsiteCSharp\", "{722EC61E-F7E5-4E60-ACE8-DE966EA887D6}"
	ProjectSection(WebsiteProperties) = preProject
		SccProjectName = "SAK"
		SccAuxPath = "SAK"
		SccLocalPath = "SAK"
		SccProvider = "SAK"
		TargetFrameworkMoniker = ".NETFramework,Version%3Dv4.8"
		ProjectReferences = "{de7fde19-414e-4cd5-9ae3-25bc7b1a2a05}|Framework.dll;{5e4919ee-0701-49c9-806c-ab070095d8ef}|SchemaMembership.dll;{27E4F7F3-45F5-4FAF-BD4F-CCFAE015CC0D}|SchemaAudit.dll;{7c77b83a-cdce-4a01-bd6b-9fc727471752}|SchemaConfig.dll;"
		Debug.AspNetCompiler.VirtualPath = "/localhost_53771"
		Debug.AspNetCompiler.PhysicalPath = "WebsiteCSharp\"
		Debug.AspNetCompiler.TargetPath = "PrecompiledWeb\localhost_53771\"
		Debug.AspNetCompiler.Updateable = "true"
		Debug.AspNetCompiler.ForceOverwrite = "true"
		Debug.AspNetCompiler.FixedNames = "false"
		Debug.AspNetCompiler.Debug = "True"
		Release.AspNetCompiler.VirtualPath = "/localhost_53771"
		Release.AspNetCompiler.PhysicalPath = "WebsiteCSharp\"
		Release.AspNetCompiler.TargetPath = "PrecompiledWeb\localhost_53771\"
		Release.AspNetCompiler.Updateable = "true"
		Release.AspNetCompiler.ForceOverwrite = "true"
		Release.AspNetCompiler.FixedNames = "false"
		Release.AspNetCompiler.Debug = "False"
		VWDPort = "53771"
		SlnRelativePath = "WebsiteCSharp\"
	EndProjectSection
EndProject
Project("{9A19103F-16F7-4668-BE54-9A1E7A4F7556}") = "TestWcfComms", "TestWcfComms\TestWcfComms.csproj", "{F5758108-70FB-43AA-AEC6-A2C56A367966}"
EndProject
Global
	GlobalSection(SolutionConfigurationPlatforms) = preSolution
		Debug|.NET = Debug|.NET
		Debug|Any CPU = Debug|Any CPU
		Debug|Mixed Platforms = Debug|Mixed Platforms
		Release|.NET = Release|.NET
		Release|Any CPU = Release|Any CPU
		Release|Mixed Platforms = Release|Mixed Platforms
	EndGlobalSection
	GlobalSection(ProjectConfigurationPlatforms) = postSolution
		{27E4F7F3-45F5-4FAF-BD4F-CCFAE015CC0D}.Debug|.NET.ActiveCfg = Debug|Any CPU
		{27E4F7F3-45F5-4FAF-BD4F-CCFAE015CC0D}.Debug|Any CPU.ActiveCfg = Debug|Any CPU
		{27E4F7F3-45F5-4FAF-BD4F-CCFAE015CC0D}.Debug|Any CPU.Build.0 = Debug|Any CPU
		{27E4F7F3-45F5-4FAF-BD4F-CCFAE015CC0D}.Debug|Mixed Platforms.ActiveCfg = Debug|Any CPU
		{27E4F7F3-45F5-4FAF-BD4F-CCFAE015CC0D}.Debug|Mixed Platforms.Build.0 = Debug|Any CPU
		{27E4F7F3-45F5-4FAF-BD4F-CCFAE015CC0D}.Release|.NET.ActiveCfg = Release|Any CPU
		{27E4F7F3-45F5-4FAF-BD4F-CCFAE015CC0D}.Release|Any CPU.ActiveCfg = Release|Any CPU
		{27E4F7F3-45F5-4FAF-BD4F-CCFAE015CC0D}.Release|Any CPU.Build.0 = Release|Any CPU
		{27E4F7F3-45F5-4FAF-BD4F-CCFAE015CC0D}.Release|Mixed Platforms.ActiveCfg = Release|Any CPU
		{27E4F7F3-45F5-4FAF-BD4F-CCFAE015CC0D}.Release|Mixed Platforms.Build.0 = Release|Any CPU
		{7C77B83A-CDCE-4A01-BD6B-9FC727471752}.Debug|.NET.ActiveCfg = Debug|Any CPU
		{7C77B83A-CDCE-4A01-BD6B-9FC727471752}.Debug|Any CPU.ActiveCfg = Debug|Any CPU
		{7C77B83A-CDCE-4A01-BD6B-9FC727471752}.Debug|Any CPU.Build.0 = Debug|Any CPU
		{7C77B83A-CDCE-4A01-BD6B-9FC727471752}.Debug|Mixed Platforms.ActiveCfg = Debug|Any CPU
		{7C77B83A-CDCE-4A01-BD6B-9FC727471752}.Debug|Mixed Platforms.Build.0 = Debug|Any CPU
		{7C77B83A-CDCE-4A01-BD6B-9FC727471752}.Release|.NET.ActiveCfg = Release|Any CPU
		{7C77B83A-CDCE-4A01-BD6B-9FC727471752}.Release|Any CPU.ActiveCfg = Release|Any CPU
		{7C77B83A-CDCE-4A01-BD6B-9FC727471752}.Release|Any CPU.Build.0 = Release|Any CPU
		{7C77B83A-CDCE-4A01-BD6B-9FC727471752}.Release|Mixed Platforms.ActiveCfg = Release|Any CPU
		{7C77B83A-CDCE-4A01-BD6B-9FC727471752}.Release|Mixed Platforms.Build.0 = Release|Any CPU
		{5E4919EE-0701-49C9-806C-AB070095D8EF}.Debug|.NET.ActiveCfg = Debug|Any CPU
		{5E4919EE-0701-49C9-806C-AB070095D8EF}.Debug|Any CPU.ActiveCfg = Debug|Any CPU
		{5E4919EE-0701-49C9-806C-AB070095D8EF}.Debug|Any CPU.Build.0 = Debug|Any CPU
		{5E4919EE-0701-49C9-806C-AB070095D8EF}.Debug|Mixed Platforms.ActiveCfg = Debug|Any CPU
		{5E4919EE-0701-49C9-806C-AB070095D8EF}.Debug|Mixed Platforms.Build.0 = Debug|Any CPU
		{5E4919EE-0701-49C9-806C-AB070095D8EF}.Release|.NET.ActiveCfg = Release|Any CPU
		{5E4919EE-0701-49C9-806C-AB070095D8EF}.Release|Any CPU.ActiveCfg = Release|Any CPU
		{5E4919EE-0701-49C9-806C-AB070095D8EF}.Release|Any CPU.Build.0 = Release|Any CPU
		{5E4919EE-0701-49C9-806C-AB070095D8EF}.Release|Mixed Platforms.ActiveCfg = Release|Any CPU
		{5E4919EE-0701-49C9-806C-AB070095D8EF}.Release|Mixed Platforms.Build.0 = Release|Any CPU
		{DE7FDE19-414E-4CD5-9AE3-25BC7B1A2A05}.Debug|.NET.ActiveCfg = Debug|Any CPU
		{DE7FDE19-414E-4CD5-9AE3-25BC7B1A2A05}.Debug|Any CPU.ActiveCfg = Debug|Any CPU
		{DE7FDE19-414E-4CD5-9AE3-25BC7B1A2A05}.Debug|Any CPU.Build.0 = Debug|Any CPU
		{DE7FDE19-414E-4CD5-9AE3-25BC7B1A2A05}.Debug|Mixed Platforms.ActiveCfg = Debug|Any CPU
		{DE7FDE19-414E-4CD5-9AE3-25BC7B1A2A05}.Debug|Mixed Platforms.Build.0 = Debug|Any CPU
		{DE7FDE19-414E-4CD5-9AE3-25BC7B1A2A05}.Release|.NET.ActiveCfg = Release|Any CPU
		{DE7FDE19-414E-4CD5-9AE3-25BC7B1A2A05}.Release|Any CPU.ActiveCfg = Release|Any CPU
		{DE7FDE19-414E-4CD5-9AE3-25BC7B1A2A05}.Release|Any CPU.Build.0 = Release|Any CPU
		{DE7FDE19-414E-4CD5-9AE3-25BC7B1A2A05}.Release|Mixed Platforms.ActiveCfg = Release|Any CPU
		{DE7FDE19-414E-4CD5-9AE3-25BC7B1A2A05}.Release|Mixed Platforms.Build.0 = Release|Any CPU
		{98719362-8E4C-4BA3-A92D-120CC5AE8CA8}.Debug|.NET.ActiveCfg = Debug|Any CPU
		{98719362-8E4C-4BA3-A92D-120CC5AE8CA8}.Debug|Any CPU.ActiveCfg = Debug|Any CPU
		{98719362-8E4C-4BA3-A92D-120CC5AE8CA8}.Debug|Any CPU.Build.0 = Debug|Any CPU
		{98719362-8E4C-4BA3-A92D-120CC5AE8CA8}.Debug|Mixed Platforms.ActiveCfg = Debug|Any CPU
		{98719362-8E4C-4BA3-A92D-120CC5AE8CA8}.Debug|Mixed Platforms.Build.0 = Debug|Any CPU
		{98719362-8E4C-4BA3-A92D-120CC5AE8CA8}.Release|.NET.ActiveCfg = Debug|Any CPU
		{98719362-8E4C-4BA3-A92D-120CC5AE8CA8}.Release|Any CPU.ActiveCfg = Debug|Any CPU
		{98719362-8E4C-4BA3-A92D-120CC5AE8CA8}.Release|Any CPU.Build.0 = Debug|Any CPU
		{98719362-8E4C-4BA3-A92D-120CC5AE8CA8}.Release|Mixed Platforms.ActiveCfg = Debug|Any CPU
		{98719362-8E4C-4BA3-A92D-120CC5AE8CA8}.Release|Mixed Platforms.Build.0 = Debug|Any CPU
		{F118D0DF-A6A4-46F1-ACE3-CEC779FC0D7D}.Debug|.NET.ActiveCfg = Debug|Any CPU
		{F118D0DF-A6A4-46F1-ACE3-CEC779FC0D7D}.Debug|Any CPU.ActiveCfg = Debug|Any CPU
		{F118D0DF-A6A4-46F1-ACE3-CEC779FC0D7D}.Debug|Any CPU.Build.0 = Debug|Any CPU
		{F118D0DF-A6A4-46F1-ACE3-CEC779FC0D7D}.Debug|Mixed Platforms.ActiveCfg = Debug|Any CPU
		{F118D0DF-A6A4-46F1-ACE3-CEC779FC0D7D}.Release|.NET.ActiveCfg = Release|Any CPU
		{F118D0DF-A6A4-46F1-ACE3-CEC779FC0D7D}.Release|Any CPU.ActiveCfg = Release|Any CPU
		{F118D0DF-A6A4-46F1-ACE3-CEC779FC0D7D}.Release|Any CPU.Build.0 = Release|Any CPU
		{F118D0DF-A6A4-46F1-ACE3-CEC779FC0D7D}.Release|Mixed Platforms.ActiveCfg = Release|Any CPU
		{F118D0DF-A6A4-46F1-ACE3-CEC779FC0D7D}.Release|Mixed Platforms.Build.0 = Release|Any CPU
		{9C8D0C05-5302-44AA-878B-464125282EDA}.Debug|.NET.ActiveCfg = Debug|Any CPU
		{9C8D0C05-5302-44AA-878B-464125282EDA}.Debug|Any CPU.ActiveCfg = Debug|Any CPU
		{9C8D0C05-5302-44AA-878B-464125282EDA}.Debug|Any CPU.Build.0 = Debug|Any CPU
		{9C8D0C05-5302-44AA-878B-464125282EDA}.Debug|Mixed Platforms.ActiveCfg = Debug|Any CPU
		{9C8D0C05-5302-44AA-878B-464125282EDA}.Debug|Mixed Platforms.Build.0 = Debug|Any CPU
		{9C8D0C05-5302-44AA-878B-464125282EDA}.Release|.NET.ActiveCfg = Release|Any CPU
		{9C8D0C05-5302-44AA-878B-464125282EDA}.Release|Any CPU.ActiveCfg = Release|Any CPU
		{9C8D0C05-5302-44AA-878B-464125282EDA}.Release|Any CPU.Build.0 = Release|Any CPU
		{9C8D0C05-5302-44AA-878B-464125282EDA}.Release|Mixed Platforms.ActiveCfg = Release|Any CPU
		{9C8D0C05-5302-44AA-878B-464125282EDA}.Release|Mixed Platforms.Build.0 = Release|Any CPU
		{722EC61E-F7E5-4E60-ACE8-DE966EA887D6}.Debug|.NET.ActiveCfg = Debug|Any CPU
		{722EC61E-F7E5-4E60-ACE8-DE966EA887D6}.Debug|.NET.Build.0 = Debug|Any CPU
		{722EC61E-F7E5-4E60-ACE8-DE966EA887D6}.Debug|Any CPU.ActiveCfg = Debug|Any CPU
		{722EC61E-F7E5-4E60-ACE8-DE966EA887D6}.Debug|Any CPU.Build.0 = Debug|Any CPU
		{722EC61E-F7E5-4E60-ACE8-DE966EA887D6}.Debug|Mixed Platforms.ActiveCfg = Debug|Any CPU
		{722EC61E-F7E5-4E60-ACE8-DE966EA887D6}.Debug|Mixed Platforms.Build.0 = Debug|Any CPU
		{722EC61E-F7E5-4E60-ACE8-DE966EA887D6}.Release|.NET.ActiveCfg = Debug|Any CPU
		{722EC61E-F7E5-4E60-ACE8-DE966EA887D6}.Release|.NET.Build.0 = Debug|Any CPU
		{722EC61E-F7E5-4E60-ACE8-DE966EA887D6}.Release|Any CPU.ActiveCfg = Debug|Any CPU
		{722EC61E-F7E5-4E60-ACE8-DE966EA887D6}.Release|Any CPU.Build.0 = Debug|Any CPU
		{722EC61E-F7E5-4E60-ACE8-DE966EA887D6}.Release|Mixed Platforms.ActiveCfg = Debug|Any CPU
		{722EC61E-F7E5-4E60-ACE8-DE966EA887D6}.Release|Mixed Platforms.Build.0 = Debug|Any CPU
		{F5758108-70FB-43AA-AEC6-A2C56A367966}.Debug|.NET.ActiveCfg = Debug|Any CPU
		{F5758108-70FB-43AA-AEC6-A2C56A367966}.Debug|.NET.Build.0 = Debug|Any CPU
		{F5758108-70FB-43AA-AEC6-A2C56A367966}.Debug|Any CPU.ActiveCfg = Debug|Any CPU
		{F5758108-70FB-43AA-AEC6-A2C56A367966}.Debug|Any CPU.Build.0 = Debug|Any CPU
		{F5758108-70FB-43AA-AEC6-A2C56A367966}.Debug|Mixed Platforms.ActiveCfg = Debug|Any CPU
		{F5758108-70FB-43AA-AEC6-A2C56A367966}.Debug|Mixed Platforms.Build.0 = Debug|Any CPU
		{F5758108-70FB-43AA-AEC6-A2C56A367966}.Release|.NET.ActiveCfg = Release|Any CPU
		{F5758108-70FB-43AA-AEC6-A2C56A367966}.Release|.NET.Build.0 = Release|Any CPU
		{F5758108-70FB-43AA-AEC6-A2C56A367966}.Release|Any CPU.ActiveCfg = Release|Any CPU
		{F5758108-70FB-43AA-AEC6-A2C56A367966}.Release|Any CPU.Build.0 = Release|Any CPU
		{F5758108-70FB-43AA-AEC6-A2C56A367966}.Release|Mixed Platforms.ActiveCfg = Release|Any CPU
		{F5758108-70FB-43AA-AEC6-A2C56A367966}.Release|Mixed Platforms.Build.0 = Release|Any CPU
	EndGlobalSection
	GlobalSection(SolutionProperties) = preSolution
		HideSolutionNode = FALSE
	EndGlobalSection
	GlobalSection(NestedProjects) = preSolution
		{27E4F7F3-45F5-4FAF-BD4F-CCFAE015CC0D} = {AC3289BE-DFBE-4E57-92C3-E23DB6D1E7C4}
		{7C77B83A-CDCE-4A01-BD6B-9FC727471752} = {AC3289BE-DFBE-4E57-92C3-E23DB6D1E7C4}
		{5E4919EE-0701-49C9-806C-AB070095D8EF} = {AC3289BE-DFBE-4E57-92C3-E23DB6D1E7C4}
		{DE7FDE19-414E-4CD5-9AE3-25BC7B1A2A05} = {A929DDA5-B19E-4E4E-9CFA-57A2FCE3701C}
		{98719362-8E4C-4BA3-A92D-120CC5AE8CA8} = {E6E4F910-1903-48E7-B5A9-AA07A0B08FFA}
		{F118D0DF-A6A4-46F1-ACE3-CEC779FC0D7D} = {BF1C4135-89EF-4955-8CBD-D26BE8774190}
		{9C8D0C05-5302-44AA-878B-464125282EDA} = {AC3289BE-DFBE-4E57-92C3-E23DB6D1E7C4}
		{722EC61E-F7E5-4E60-ACE8-DE966EA887D6} = {E6E4F910-1903-48E7-B5A9-AA07A0B08FFA}
		{F5758108-70FB-43AA-AEC6-A2C56A367966} = {E6E4F910-1903-48E7-B5A9-AA07A0B08FFA}
	EndGlobalSection
	GlobalSection(ExtensibilityGlobals) = postSolution
		SolutionGuid = {CB82BF21-7676-471C-973C-56ACCDD045C6}
	EndGlobalSection
EndGlobal
